
Microsoft Visual Studio Solution File, Format Version 12.00
# Visual Studio Version 16
VisualStudioVersion = 16.0.31112.23
MinimumVisualStudioVersion = 10.0.40219.1
Project("{FAE04EC0-301F-11D3-BF4B-00C04F79EFBC}") = "ThreadPoolApp", "ThreadPoolApp\ThreadPoolApp.csproj", "{C06CE1C9-EAD0-49B0-95E3-FD64945D8DFA}"
EndProject
Project("{FAE04EC0-301F-11D3-BF4B-00C04F79EFBC}") = "AddWithThreads", "AddWithThreads\AddWithThreads.csproj", "{3AAEBC3F-76A4-487D-BB2C-A0430914CF1F}"
EndProject
Global
	GlobalSection(SolutionConfigurationPlatforms) = preSolution
		Debug|Any CPU = Debug|Any CPU
		Release|Any CPU = Release|Any CPU
	EndGlobalSection
	GlobalSection(ProjectConfigurationPlatforms) = postSolution
		{C06CE1C9-EAD0-49B0-95E3-FD64945D8DFA}.Debug|Any CPU.ActiveCfg = Debug|Any CPU
		{C06CE1C9-EAD0-49B0-95E3-FD64945D8DFA}.Debug|Any CPU.Build.0 = Debug|Any CPU
		{C06CE1C9-EAD0-49B0-95E3-FD64945D8DFA}.Release|Any CPU.ActiveCfg = Release|Any CPU
		{C06CE1C9-EAD0-49B0-95E3-FD64945D8DFA}.Release|Any CPU.Build.0 = Release|Any CPU
		{3AAEBC3F-76A4-487D-BB2C-A0430914CF1F}.Debug|Any CPU.ActiveCfg = Debug|Any CPU
		{3AAEBC3F-76A4-487D-BB2C-A0430914CF1F}.Debug|Any CPU.Build.0 = Debug|Any CPU
		{3AAEBC3F-76A4-487D-BB2C-A0430914CF1F}.Release|Any CPU.ActiveCfg = Release|Any CPU
		{3AAEBC3F-76A4-487D-BB2C-A0430914CF1F}.Release|Any CPU.Build.0 = Release|Any CPU
	EndGlobalSection
	GlobalSection(SolutionProperties) = preSolution
		HideSolutionNode = FALSE
	EndGlobalSection
	GlobalSection(ExtensibilityGlobals) = postSolution
		SolutionGuid = {18C18928-A991-490A-8C6F-70944480415B}
	EndGlobalSection
EndGlobal
